// !$*UTF8*$!
{
	archiveVersion = 1;
	classes = {
	};
	objectVersion = 52;
	objects = {

/* Begin PBXBuildFile section */
		091AF011256AB7E20035D3DA /* StockDTO.swift in Sources */ = {isa = PBXBuildFile; fileRef = 091AF010256AB7E20035D3DA /* StockDTO.swift */; };
		091AF017256AB8360035D3DA /* FavoriteListDTO.swift in Sources */ = {isa = PBXBuildFile; fileRef = 091AF016256AB8360035D3DA /* FavoriteListDTO.swift */; };
		091AF020256AB8930035D3DA /* StockDTOTests.swift in Sources */ = {isa = PBXBuildFile; fileRef = 091AF01F256AB8930035D3DA /* StockDTOTests.swift */; };
		091AF029256AB8D40035D3DA /* ResourceLoader.swift in Sources */ = {isa = PBXBuildFile; fileRef = 091AF028256AB8D40035D3DA /* ResourceLoader.swift */; };
		091AF02F256AB93E0035D3DA /* FavoriteListDTOTests.swift in Sources */ = {isa = PBXBuildFile; fileRef = 091AF02E256AB93E0035D3DA /* FavoriteListDTOTests.swift */; };
		091AF035256AB9830035D3DA /* stock_dto.json in Resources */ = {isa = PBXBuildFile; fileRef = 091AF034256AB9830035D3DA /* stock_dto.json */; };
		091AF03B256AB9A10035D3DA /* favorite_list_dto.json in Resources */ = {isa = PBXBuildFile; fileRef = 091AF03A256AB9A10035D3DA /* favorite_list_dto.json */; };
		091AF04A256ABA810035D3DA /* StockDTO+Mapping.swift in Sources */ = {isa = PBXBuildFile; fileRef = 091AF049256ABA810035D3DA /* StockDTO+Mapping.swift */; };
		091AF04E256ABAC80035D3DA /* FavoriteListDTO+Mapping.swift in Sources */ = {isa = PBXBuildFile; fileRef = 091AF04D256ABAC80035D3DA /* FavoriteListDTO+Mapping.swift */; };
		091AF055256ABDF20035D3DA /* RequestEndpointProtocol.swift in Sources */ = {isa = PBXBuildFile; fileRef = 091AF054256ABDF20035D3DA /* RequestEndpointProtocol.swift */; };
		091AF05B256ABE0D0035D3DA /* RequestBuilderProtocol.swift in Sources */ = {isa = PBXBuildFile; fileRef = 091AF05A256ABE0D0035D3DA /* RequestBuilderProtocol.swift */; };
		091AF05F256ABE730035D3DA /* RequestEngineProtocol.swift in Sources */ = {isa = PBXBuildFile; fileRef = 091AF05E256ABE730035D3DA /* RequestEngineProtocol.swift */; };
		091AF065256ABFFC0035D3DA /* URLSessionRequestEngineImpl.swift in Sources */ = {isa = PBXBuildFile; fileRef = 091AF064256ABFFC0035D3DA /* URLSessionRequestEngineImpl.swift */; };
		091AF06A256AC6950035D3DA /* ChallengeAPIEndpoints.swift in Sources */ = {isa = PBXBuildFile; fileRef = 091AF069256AC6950035D3DA /* ChallengeAPIEndpoints.swift */; };
		091AF078256AC8760035D3DA /* ChallengeAPICredentials.swift in Sources */ = {isa = PBXBuildFile; fileRef = 091AF077256AC8760035D3DA /* ChallengeAPICredentials.swift */; };
		091AF07C256ACB3E0035D3DA /* ChallengeAPIService.swift in Sources */ = {isa = PBXBuildFile; fileRef = 091AF07B256ACB3E0035D3DA /* ChallengeAPIService.swift */; };
		091AF084256ACE5F0035D3DA /* RequestBuilderImpl.swift in Sources */ = {isa = PBXBuildFile; fileRef = 091AF083256ACE5F0035D3DA /* RequestBuilderImpl.swift */; };
		091AF08D256AD5320035D3DA /* ChallengeAPIServiceTests.swift in Sources */ = {isa = PBXBuildFile; fileRef = 091AF08C256AD5320035D3DA /* ChallengeAPIServiceTests.swift */; };
		091AF093256AD5720035D3DA /* MockURLProtocol.swift in Sources */ = {isa = PBXBuildFile; fileRef = 091AF092256AD5720035D3DA /* MockURLProtocol.swift */; };
		09534061256AD8B300EBBB03 /* favorite_stock_list_request_valid.json in Resources */ = {isa = PBXBuildFile; fileRef = 09534060256AD8B300EBBB03 /* favorite_stock_list_request_valid.json */; };
		09534067256AD8C900EBBB03 /* favorite_stock_detail_valid.json in Resources */ = {isa = PBXBuildFile; fileRef = 09534066256AD8C900EBBB03 /* favorite_stock_detail_valid.json */; };
		0953406B256AD8DB00EBBB03 /* favorite_stock_list_request_invalid.json in Resources */ = {isa = PBXBuildFile; fileRef = 0953406A256AD8DB00EBBB03 /* favorite_stock_list_request_invalid.json */; };
		0953406F256AD8EC00EBBB03 /* favorite_stock_detail_invalid.json in Resources */ = {isa = PBXBuildFile; fileRef = 0953406E256AD8EC00EBBB03 /* favorite_stock_detail_invalid.json */; };
		09534074256ADD2400EBBB03 /* FavoritesRepositoryImpl.swift in Sources */ = {isa = PBXBuildFile; fileRef = 09534073256ADD2400EBBB03 /* FavoritesRepositoryImpl.swift */; };
		0953407F256AEB1600EBBB03 /* MockFavoritesRepository.swift in Sources */ = {isa = PBXBuildFile; fileRef = 0953407E256AEB1600EBBB03 /* MockFavoritesRepository.swift */; };
		09534085256AEC7100EBBB03 /* MockEntitiesGenerator.swift in Sources */ = {isa = PBXBuildFile; fileRef = 09534084256AEC7100EBBB03 /* MockEntitiesGenerator.swift */; };
		09534089256AED1500EBBB03 /* FavoriteStocksListUseCaseTests.swift in Sources */ = {isa = PBXBuildFile; fileRef = 09534088256AED1500EBBB03 /* FavoriteStocksListUseCaseTests.swift */; };
		0953408D256AED3600EBBB03 /* FavoriteStockDetailUseCaseTests.swift in Sources */ = {isa = PBXBuildFile; fileRef = 0953408C256AED3600EBBB03 /* FavoriteStockDetailUseCaseTests.swift */; };
		0953409E256AF56200EBBB03 /* RxCocoa in Frameworks */ = {isa = PBXBuildFile; productRef = 0953409D256AF56200EBBB03 /* RxCocoa */; };
		095340A0256AF56200EBBB03 /* RxSwift in Frameworks */ = {isa = PBXBuildFile; productRef = 0953409F256AF56200EBBB03 /* RxSwift */; };
		095340A9256AF81C00EBBB03 /* FavoriteListViewModel.swift in Sources */ = {isa = PBXBuildFile; fileRef = 095340A8256AF81C00EBBB03 /* FavoriteListViewModel.swift */; };
		095340AF256AF8C200EBBB03 /* FavoriteItemViewModel.swift in Sources */ = {isa = PBXBuildFile; fileRef = 095340AE256AF8C200EBBB03 /* FavoriteItemViewModel.swift */; };
		095340B9256AFB5F00EBBB03 /* FavoriteListViewController.swift in Sources */ = {isa = PBXBuildFile; fileRef = 095340B8256AFB5F00EBBB03 /* FavoriteListViewController.swift */; };
		095340BF256AFC2600EBBB03 /* UITableView+RelatedExtensions.swift in Sources */ = {isa = PBXBuildFile; fileRef = 095340BE256AFC2600EBBB03 /* UITableView+RelatedExtensions.swift */; };
		095340C5256AFC5700EBBB03 /* Thread+Extensions.swift in Sources */ = {isa = PBXBuildFile; fileRef = 095340C4256AFC5700EBBB03 /* Thread+Extensions.swift */; };
		095340D1256AFCA400EBBB03 /* Reactive+Extensions.swift in Sources */ = {isa = PBXBuildFile; fileRef = 095340D0256AFCA400EBBB03 /* Reactive+Extensions.swift */; };
		095340D5256AFE2300EBBB03 /* FavoriteItemTableViewCell.swift in Sources */ = {isa = PBXBuildFile; fileRef = 095340D4256AFE2300EBBB03 /* FavoriteItemTableViewCell.swift */; };
		099611E9256AA0B800BF3A2D /* AppDelegate.swift in Sources */ = {isa = PBXBuildFile; fileRef = 099611E8256AA0B800BF3A2D /* AppDelegate.swift */; };
		099611EB256AA0B800BF3A2D /* SceneDelegate.swift in Sources */ = {isa = PBXBuildFile; fileRef = 099611EA256AA0B800BF3A2D /* SceneDelegate.swift */; };
		099611F2256AA0B900BF3A2D /* Assets.xcassets in Resources */ = {isa = PBXBuildFile; fileRef = 099611F1256AA0B900BF3A2D /* Assets.xcassets */; };
		099611F5256AA0B900BF3A2D /* LaunchScreen.storyboard in Resources */ = {isa = PBXBuildFile; fileRef = 099611F3256AA0B900BF3A2D /* LaunchScreen.storyboard */; };
		09961229256AA5F500BF3A2D /* Stock.swift in Sources */ = {isa = PBXBuildFile; fileRef = 09961228256AA5F500BF3A2D /* Stock.swift */; };
		0996125A256AAC6500BF3A2D /* FavoriteStockDetailUseCaseProtocol.swift in Sources */ = {isa = PBXBuildFile; fileRef = 09961259256AAC6500BF3A2D /* FavoriteStockDetailUseCaseProtocol.swift */; };
		09961262256AACDA00BF3A2D /* NNError.swift in Sources */ = {isa = PBXBuildFile; fileRef = 09961261256AACDA00BF3A2D /* NNError.swift */; };
		09961267256AADB100BF3A2D /* FavoritesRepositoryProtocol.swift in Sources */ = {isa = PBXBuildFile; fileRef = 09961266256AADB100BF3A2D /* FavoritesRepositoryProtocol.swift */; };
		0996126C256AAE4F00BF3A2D /* FavoriteStockDetailUseCaseImpl.swift in Sources */ = {isa = PBXBuildFile; fileRef = 0996126B256AAE4F00BF3A2D /* FavoriteStockDetailUseCaseImpl.swift */; };
		09961289256AB58200BF3A2D /* FavoriteStocksListUseCaseProtocol.swift in Sources */ = {isa = PBXBuildFile; fileRef = 09961288256AB58200BF3A2D /* FavoriteStocksListUseCaseProtocol.swift */; };
		0996128F256AB5EF00BF3A2D /* FavoriteStocksListUseCaseImpl.swift in Sources */ = {isa = PBXBuildFile; fileRef = 0996128E256AB5EF00BF3A2D /* FavoriteStocksListUseCaseImpl.swift */; };
/* End PBXBuildFile section */

/* Begin PBXContainerItemProxy section */
		099611FC256AA0B900BF3A2D /* PBXContainerItemProxy */ = {
			isa = PBXContainerItemProxy;
			containerPortal = 099611DD256AA0B800BF3A2D /* Project object */;
			proxyType = 1;
			remoteGlobalIDString = 099611E4256AA0B800BF3A2D;
			remoteInfo = NinetyNineChallenge;
		};
/* End PBXContainerItemProxy section */

/* Begin PBXFileReference section */
		091AF010256AB7E20035D3DA /* StockDTO.swift */ = {isa = PBXFileReference; lastKnownFileType = sourcecode.swift; path = StockDTO.swift; sourceTree = "<group>"; };
		091AF016256AB8360035D3DA /* FavoriteListDTO.swift */ = {isa = PBXFileReference; lastKnownFileType = sourcecode.swift; path = FavoriteListDTO.swift; sourceTree = "<group>"; };
		091AF01F256AB8930035D3DA /* StockDTOTests.swift */ = {isa = PBXFileReference; lastKnownFileType = sourcecode.swift; path = StockDTOTests.swift; sourceTree = "<group>"; };
		091AF028256AB8D40035D3DA /* ResourceLoader.swift */ = {isa = PBXFileReference; lastKnownFileType = sourcecode.swift; path = ResourceLoader.swift; sourceTree = "<group>"; };
		091AF02E256AB93E0035D3DA /* FavoriteListDTOTests.swift */ = {isa = PBXFileReference; lastKnownFileType = sourcecode.swift; path = FavoriteListDTOTests.swift; sourceTree = "<group>"; };
		091AF034256AB9830035D3DA /* stock_dto.json */ = {isa = PBXFileReference; lastKnownFileType = text.json; path = stock_dto.json; sourceTree = "<group>"; };
		091AF03A256AB9A10035D3DA /* favorite_list_dto.json */ = {isa = PBXFileReference; lastKnownFileType = text.json; path = favorite_list_dto.json; sourceTree = "<group>"; };
		091AF049256ABA810035D3DA /* StockDTO+Mapping.swift */ = {isa = PBXFileReference; lastKnownFileType = sourcecode.swift; path = "StockDTO+Mapping.swift"; sourceTree = "<group>"; };
		091AF04D256ABAC80035D3DA /* FavoriteListDTO+Mapping.swift */ = {isa = PBXFileReference; lastKnownFileType = sourcecode.swift; path = "FavoriteListDTO+Mapping.swift"; sourceTree = "<group>"; };
		091AF054256ABDF20035D3DA /* RequestEndpointProtocol.swift */ = {isa = PBXFileReference; lastKnownFileType = sourcecode.swift; path = RequestEndpointProtocol.swift; sourceTree = "<group>"; };
		091AF05A256ABE0D0035D3DA /* RequestBuilderProtocol.swift */ = {isa = PBXFileReference; lastKnownFileType = sourcecode.swift; path = RequestBuilderProtocol.swift; sourceTree = "<group>"; };
		091AF05E256ABE730035D3DA /* RequestEngineProtocol.swift */ = {isa = PBXFileReference; lastKnownFileType = sourcecode.swift; path = RequestEngineProtocol.swift; sourceTree = "<group>"; };
		091AF064256ABFFC0035D3DA /* URLSessionRequestEngineImpl.swift */ = {isa = PBXFileReference; lastKnownFileType = sourcecode.swift; path = URLSessionRequestEngineImpl.swift; sourceTree = "<group>"; };
		091AF069256AC6950035D3DA /* ChallengeAPIEndpoints.swift */ = {isa = PBXFileReference; lastKnownFileType = sourcecode.swift; path = ChallengeAPIEndpoints.swift; sourceTree = "<group>"; };
		091AF077256AC8760035D3DA /* ChallengeAPICredentials.swift */ = {isa = PBXFileReference; lastKnownFileType = sourcecode.swift; path = ChallengeAPICredentials.swift; sourceTree = "<group>"; };
		091AF07B256ACB3E0035D3DA /* ChallengeAPIService.swift */ = {isa = PBXFileReference; lastKnownFileType = sourcecode.swift; path = ChallengeAPIService.swift; sourceTree = "<group>"; };
		091AF083256ACE5F0035D3DA /* RequestBuilderImpl.swift */ = {isa = PBXFileReference; lastKnownFileType = sourcecode.swift; path = RequestBuilderImpl.swift; sourceTree = "<group>"; };
		091AF08C256AD5320035D3DA /* ChallengeAPIServiceTests.swift */ = {isa = PBXFileReference; lastKnownFileType = sourcecode.swift; path = ChallengeAPIServiceTests.swift; sourceTree = "<group>"; };
		091AF092256AD5720035D3DA /* MockURLProtocol.swift */ = {isa = PBXFileReference; lastKnownFileType = sourcecode.swift; path = MockURLProtocol.swift; sourceTree = "<group>"; };
		09534060256AD8B300EBBB03 /* favorite_stock_list_request_valid.json */ = {isa = PBXFileReference; lastKnownFileType = text.json; path = favorite_stock_list_request_valid.json; sourceTree = "<group>"; };
		09534066256AD8C900EBBB03 /* favorite_stock_detail_valid.json */ = {isa = PBXFileReference; lastKnownFileType = text.json; path = favorite_stock_detail_valid.json; sourceTree = "<group>"; };
		0953406A256AD8DB00EBBB03 /* favorite_stock_list_request_invalid.json */ = {isa = PBXFileReference; lastKnownFileType = text.json; path = favorite_stock_list_request_invalid.json; sourceTree = "<group>"; };
		0953406E256AD8EC00EBBB03 /* favorite_stock_detail_invalid.json */ = {isa = PBXFileReference; lastKnownFileType = text.json; path = favorite_stock_detail_invalid.json; sourceTree = "<group>"; };
		09534073256ADD2400EBBB03 /* FavoritesRepositoryImpl.swift */ = {isa = PBXFileReference; lastKnownFileType = sourcecode.swift; path = FavoritesRepositoryImpl.swift; sourceTree = "<group>"; };
		0953407E256AEB1600EBBB03 /* MockFavoritesRepository.swift */ = {isa = PBXFileReference; lastKnownFileType = sourcecode.swift; path = MockFavoritesRepository.swift; sourceTree = "<group>"; };
		09534084256AEC7100EBBB03 /* MockEntitiesGenerator.swift */ = {isa = PBXFileReference; lastKnownFileType = sourcecode.swift; path = MockEntitiesGenerator.swift; sourceTree = "<group>"; };
		09534088256AED1500EBBB03 /* FavoriteStocksListUseCaseTests.swift */ = {isa = PBXFileReference; lastKnownFileType = sourcecode.swift; path = FavoriteStocksListUseCaseTests.swift; sourceTree = "<group>"; };
		0953408C256AED3600EBBB03 /* FavoriteStockDetailUseCaseTests.swift */ = {isa = PBXFileReference; lastKnownFileType = sourcecode.swift; path = FavoriteStockDetailUseCaseTests.swift; sourceTree = "<group>"; };
		095340A8256AF81C00EBBB03 /* FavoriteListViewModel.swift */ = {isa = PBXFileReference; lastKnownFileType = sourcecode.swift; path = FavoriteListViewModel.swift; sourceTree = "<group>"; };
		095340AE256AF8C200EBBB03 /* FavoriteItemViewModel.swift */ = {isa = PBXFileReference; lastKnownFileType = sourcecode.swift; path = FavoriteItemViewModel.swift; sourceTree = "<group>"; };
		095340B8256AFB5F00EBBB03 /* FavoriteListViewController.swift */ = {isa = PBXFileReference; lastKnownFileType = sourcecode.swift; path = FavoriteListViewController.swift; sourceTree = "<group>"; };
		095340BE256AFC2600EBBB03 /* UITableView+RelatedExtensions.swift */ = {isa = PBXFileReference; lastKnownFileType = sourcecode.swift; path = "UITableView+RelatedExtensions.swift"; sourceTree = "<group>"; };
		095340C4256AFC5700EBBB03 /* Thread+Extensions.swift */ = {isa = PBXFileReference; lastKnownFileType = sourcecode.swift; path = "Thread+Extensions.swift"; sourceTree = "<group>"; };
		095340D0256AFCA400EBBB03 /* Reactive+Extensions.swift */ = {isa = PBXFileReference; lastKnownFileType = sourcecode.swift; path = "Reactive+Extensions.swift"; sourceTree = "<group>"; };
		095340D4256AFE2300EBBB03 /* FavoriteItemTableViewCell.swift */ = {isa = PBXFileReference; lastKnownFileType = sourcecode.swift; path = FavoriteItemTableViewCell.swift; sourceTree = "<group>"; };
		099611E5256AA0B800BF3A2D /* NinetyNineChallenge.app */ = {isa = PBXFileReference; explicitFileType = wrapper.application; includeInIndex = 0; path = NinetyNineChallenge.app; sourceTree = BUILT_PRODUCTS_DIR; };
		099611E8256AA0B800BF3A2D /* AppDelegate.swift */ = {isa = PBXFileReference; lastKnownFileType = sourcecode.swift; path = AppDelegate.swift; sourceTree = "<group>"; };
		099611EA256AA0B800BF3A2D /* SceneDelegate.swift */ = {isa = PBXFileReference; lastKnownFileType = sourcecode.swift; path = SceneDelegate.swift; sourceTree = "<group>"; };
		099611F1256AA0B900BF3A2D /* Assets.xcassets */ = {isa = PBXFileReference; lastKnownFileType = folder.assetcatalog; path = Assets.xcassets; sourceTree = "<group>"; };
		099611F4256AA0B900BF3A2D /* Base */ = {isa = PBXFileReference; lastKnownFileType = file.storyboard; name = Base; path = Base.lproj/LaunchScreen.storyboard; sourceTree = "<group>"; };
		099611F6256AA0B900BF3A2D /* Info.plist */ = {isa = PBXFileReference; lastKnownFileType = text.plist.xml; path = Info.plist; sourceTree = "<group>"; };
		099611FB256AA0B900BF3A2D /* NinetyNineChallengeTests.xctest */ = {isa = PBXFileReference; explicitFileType = wrapper.cfbundle; includeInIndex = 0; path = NinetyNineChallengeTests.xctest; sourceTree = BUILT_PRODUCTS_DIR; };
		09961201256AA0B900BF3A2D /* Info.plist */ = {isa = PBXFileReference; lastKnownFileType = text.plist.xml; path = Info.plist; sourceTree = "<group>"; };
		09961228256AA5F500BF3A2D /* Stock.swift */ = {isa = PBXFileReference; lastKnownFileType = sourcecode.swift; path = Stock.swift; sourceTree = "<group>"; };
		09961259256AAC6500BF3A2D /* FavoriteStockDetailUseCaseProtocol.swift */ = {isa = PBXFileReference; lastKnownFileType = sourcecode.swift; name = FavoriteStockDetailUseCaseProtocol.swift; path = NinetyNineChallenge/Domain/FavoriteStockDetailUseCaseProtocol.swift; sourceTree = SOURCE_ROOT; };
		09961261256AACDA00BF3A2D /* NNError.swift */ = {isa = PBXFileReference; lastKnownFileType = sourcecode.swift; path = NNError.swift; sourceTree = "<group>"; };
		09961266256AADB100BF3A2D /* FavoritesRepositoryProtocol.swift */ = {isa = PBXFileReference; lastKnownFileType = sourcecode.swift; path = FavoritesRepositoryProtocol.swift; sourceTree = "<group>"; };
		0996126B256AAE4F00BF3A2D /* FavoriteStockDetailUseCaseImpl.swift */ = {isa = PBXFileReference; lastKnownFileType = sourcecode.swift; path = FavoriteStockDetailUseCaseImpl.swift; sourceTree = "<group>"; };
		09961288256AB58200BF3A2D /* FavoriteStocksListUseCaseProtocol.swift */ = {isa = PBXFileReference; lastKnownFileType = sourcecode.swift; path = FavoriteStocksListUseCaseProtocol.swift; sourceTree = "<group>"; };
		0996128E256AB5EF00BF3A2D /* FavoriteStocksListUseCaseImpl.swift */ = {isa = PBXFileReference; lastKnownFileType = sourcecode.swift; path = FavoriteStocksListUseCaseImpl.swift; sourceTree = "<group>"; };
/* End PBXFileReference section */

/* Begin PBXFrameworksBuildPhase section */
		099611E2256AA0B800BF3A2D /* Frameworks */ = {
			isa = PBXFrameworksBuildPhase;
			buildActionMask = 2147483647;
			files = (
				095340A0256AF56200EBBB03 /* RxSwift in Frameworks */,
				0953409E256AF56200EBBB03 /* RxCocoa in Frameworks */,
			);
			runOnlyForDeploymentPostprocessing = 0;
		};
		099611F8256AA0B900BF3A2D /* Frameworks */ = {
			isa = PBXFrameworksBuildPhase;
			buildActionMask = 2147483647;
			files = (
			);
			runOnlyForDeploymentPostprocessing = 0;
		};
/* End PBXFrameworksBuildPhase section */

/* Begin PBXGroup section */
		091AF00B256AB7A60035D3DA /* Data */ = {
			isa = PBXGroup;
			children = (
				09534072256ADD0D00EBBB03 /* Repositories */,
				091AF00C256AB7AA0035D3DA /* Services */,
			);
			path = Data;
			sourceTree = "<group>";
		};
		091AF00C256AB7AA0035D3DA /* Services */ = {
			isa = PBXGroup;
			children = (
				091AF00D256AB7AE0035D3DA /* Network */,
			);
			path = Services;
			sourceTree = "<group>";
		};
		091AF00D256AB7AE0035D3DA /* Network */ = {
			isa = PBXGroup;
			children = (
				091AF08B256AD3690035D3DA /* Implementations */,
				091AF082256ACE3E0035D3DA /* RequestBuilder */,
				091AF054256ABDF20035D3DA /* RequestEndpointProtocol.swift */,
				091AF081256ACE2A0035D3DA /* RequestEngine */,
			);
			path = Network;
			sourceTree = "<group>";
		};
		091AF00E256AB7B50035D3DA /* ChallengeAPI */ = {
			isa = PBXGroup;
			children = (
				091AF00F256AB7D30035D3DA /* DataModels */,
				091AF069256AC6950035D3DA /* ChallengeAPIEndpoints.swift */,
				091AF077256AC8760035D3DA /* ChallengeAPICredentials.swift */,
				091AF07B256ACB3E0035D3DA /* ChallengeAPIService.swift */,
			);
			path = ChallengeAPI;
			sourceTree = "<group>";
		};
		091AF00F256AB7D30035D3DA /* DataModels */ = {
			isa = PBXGroup;
			children = (
				091AF040256ABA190035D3DA /* Mappers */,
				091AF010256AB7E20035D3DA /* StockDTO.swift */,
				091AF016256AB8360035D3DA /* FavoriteListDTO.swift */,
			);
			path = DataModels;
			sourceTree = "<group>";
		};
		091AF01A256AB8630035D3DA /* Data */ = {
			isa = PBXGroup;
			children = (
				091AF01B256AB8680035D3DA /* Services */,
			);
			path = Data;
			sourceTree = "<group>";
		};
		091AF01B256AB8680035D3DA /* Services */ = {
			isa = PBXGroup;
			children = (
				091AF01C256AB8710035D3DA /* Network */,
			);
			path = Services;
			sourceTree = "<group>";
		};
		091AF01C256AB8710035D3DA /* Network */ = {
			isa = PBXGroup;
			children = (
				091AF01D256AB8770035D3DA /* ChallengeAPI */,
			);
			path = Network;
			sourceTree = "<group>";
		};
		091AF01D256AB8770035D3DA /* ChallengeAPI */ = {
			isa = PBXGroup;
			children = (
				0953405F256AD89500EBBB03 /* Resources */,
				091AF096256AD5C70035D3DA /* Mocks */,
				091AF01E256AB8850035D3DA /* DataModels */,
				091AF08C256AD5320035D3DA /* ChallengeAPIServiceTests.swift */,
			);
			path = ChallengeAPI;
			sourceTree = "<group>";
		};
		091AF01E256AB8850035D3DA /* DataModels */ = {
			isa = PBXGroup;
			children = (
				091AF032256AB9620035D3DA /* Resources */,
				091AF01F256AB8930035D3DA /* StockDTOTests.swift */,
				091AF02E256AB93E0035D3DA /* FavoriteListDTOTests.swift */,
			);
			path = DataModels;
			sourceTree = "<group>";
		};
		091AF027256AB8C90035D3DA /* Helpers */ = {
			isa = PBXGroup;
			children = (
				091AF028256AB8D40035D3DA /* ResourceLoader.swift */,
			);
			path = Helpers;
			sourceTree = "<group>";
		};
		091AF032256AB9620035D3DA /* Resources */ = {
			isa = PBXGroup;
			children = (
				091AF034256AB9830035D3DA /* stock_dto.json */,
				091AF03A256AB9A10035D3DA /* favorite_list_dto.json */,
			);
			path = Resources;
			sourceTree = "<group>";
		};
		091AF040256ABA190035D3DA /* Mappers */ = {
			isa = PBXGroup;
			children = (
				091AF049256ABA810035D3DA /* StockDTO+Mapping.swift */,
				091AF04D256ABAC80035D3DA /* FavoriteListDTO+Mapping.swift */,
			);
			path = Mappers;
			sourceTree = "<group>";
		};
		091AF081256ACE2A0035D3DA /* RequestEngine */ = {
			isa = PBXGroup;
			children = (
				091AF05E256ABE730035D3DA /* RequestEngineProtocol.swift */,
				091AF064256ABFFC0035D3DA /* URLSessionRequestEngineImpl.swift */,
			);
			path = RequestEngine;
			sourceTree = "<group>";
		};
		091AF082256ACE3E0035D3DA /* RequestBuilder */ = {
			isa = PBXGroup;
			children = (
				091AF05A256ABE0D0035D3DA /* RequestBuilderProtocol.swift */,
				091AF083256ACE5F0035D3DA /* RequestBuilderImpl.swift */,
			);
			path = RequestBuilder;
			sourceTree = "<group>";
		};
		091AF08B256AD3690035D3DA /* Implementations */ = {
			isa = PBXGroup;
			children = (
				091AF00E256AB7B50035D3DA /* ChallengeAPI */,
			);
			path = Implementations;
			sourceTree = "<group>";
		};
		091AF096256AD5C70035D3DA /* Mocks */ = {
			isa = PBXGroup;
			children = (
				091AF092256AD5720035D3DA /* MockURLProtocol.swift */,
			);
			path = Mocks;
			sourceTree = "<group>";
		};
		0953405F256AD89500EBBB03 /* Resources */ = {
			isa = PBXGroup;
			children = (
				09534060256AD8B300EBBB03 /* favorite_stock_list_request_valid.json */,
				09534066256AD8C900EBBB03 /* favorite_stock_detail_valid.json */,
				0953406A256AD8DB00EBBB03 /* favorite_stock_list_request_invalid.json */,
				0953406E256AD8EC00EBBB03 /* favorite_stock_detail_invalid.json */,
			);
			path = Resources;
			sourceTree = "<group>";
		};
		09534072256ADD0D00EBBB03 /* Repositories */ = {
			isa = PBXGroup;
			children = (
				09534073256ADD2400EBBB03 /* FavoritesRepositoryImpl.swift */,
			);
			path = Repositories;
			sourceTree = "<group>";
		};
		09534079256AEA8100EBBB03 /* Domain */ = {
			isa = PBXGroup;
			children = (
				0953407A256AEABF00EBBB03 /* Mocks */,
				0953407B256AEAD000EBBB03 /* UseCases */,
			);
			path = Domain;
			sourceTree = "<group>";
		};
		0953407A256AEABF00EBBB03 /* Mocks */ = {
			isa = PBXGroup;
			children = (
				0953407E256AEB1600EBBB03 /* MockFavoritesRepository.swift */,
				09534084256AEC7100EBBB03 /* MockEntitiesGenerator.swift */,
			);
			path = Mocks;
			sourceTree = "<group>";
		};
		0953407B256AEAD000EBBB03 /* UseCases */ = {
			isa = PBXGroup;
			children = (
				0953407D256AEAF400EBBB03 /* FavoriteStocksListUseCase */,
				0953407C256AEAED00EBBB03 /* FavoriteStockDetailUseCase */,
			);
			path = UseCases;
			sourceTree = "<group>";
		};
		0953407C256AEAED00EBBB03 /* FavoriteStockDetailUseCase */ = {
			isa = PBXGroup;
			children = (
				0953408C256AED3600EBBB03 /* FavoriteStockDetailUseCaseTests.swift */,
			);
			path = FavoriteStockDetailUseCase;
			sourceTree = "<group>";
		};
		0953407D256AEAF400EBBB03 /* FavoriteStocksListUseCase */ = {
			isa = PBXGroup;
			children = (
				09534088256AED1500EBBB03 /* FavoriteStocksListUseCaseTests.swift */,
			);
			path = FavoriteStocksListUseCase;
			sourceTree = "<group>";
		};
		095340A3256AF6E900EBBB03 /* Presentation */ = {
			isa = PBXGroup;
			children = (
				095340A4256AF6F200EBBB03 /* FavoriteScene */,
			);
			path = Presentation;
			sourceTree = "<group>";
		};
		095340A4256AF6F200EBBB03 /* FavoriteScene */ = {
			isa = PBXGroup;
			children = (
				095340A5256AF70200EBBB03 /* FavoriteList */,
			);
			path = FavoriteScene;
			sourceTree = "<group>";
		};
		095340A5256AF70200EBBB03 /* FavoriteList */ = {
			isa = PBXGroup;
			children = (
				095340A7256AF71100EBBB03 /* ViewModel */,
				095340A6256AF70A00EBBB03 /* View */,
			);
			path = FavoriteList;
			sourceTree = "<group>";
		};
		095340A6256AF70A00EBBB03 /* View */ = {
			isa = PBXGroup;
			children = (
				095340B8256AFB5F00EBBB03 /* FavoriteListViewController.swift */,
				095340D4256AFE2300EBBB03 /* FavoriteItemTableViewCell.swift */,
			);
			path = View;
			sourceTree = "<group>";
		};
		095340A7256AF71100EBBB03 /* ViewModel */ = {
			isa = PBXGroup;
			children = (
				095340A8256AF81C00EBBB03 /* FavoriteListViewModel.swift */,
				095340AE256AF8C200EBBB03 /* FavoriteItemViewModel.swift */,
			);
			path = ViewModel;
			sourceTree = "<group>";
		};
		095340BC256AFC0300EBBB03 /* Common */ = {
			isa = PBXGroup;
			children = (
				095340BD256AFC0C00EBBB03 /* Extensions */,
			);
			path = Common;
			sourceTree = "<group>";
		};
		095340BD256AFC0C00EBBB03 /* Extensions */ = {
			isa = PBXGroup;
			children = (
				095340BE256AFC2600EBBB03 /* UITableView+RelatedExtensions.swift */,
				095340C4256AFC5700EBBB03 /* Thread+Extensions.swift */,
				095340D0256AFCA400EBBB03 /* Reactive+Extensions.swift */,
			);
			path = Extensions;
			sourceTree = "<group>";
		};
		099611DC256AA0B800BF3A2D = {
			isa = PBXGroup;
			children = (
				099611E7256AA0B800BF3A2D /* NinetyNineChallenge */,
				099611FE256AA0B900BF3A2D /* NinetyNineChallengeTests */,
				099611E6256AA0B800BF3A2D /* Products */,
			);
			sourceTree = "<group>";
		};
		099611E6256AA0B800BF3A2D /* Products */ = {
			isa = PBXGroup;
			children = (
				099611E5256AA0B800BF3A2D /* NinetyNineChallenge.app */,
				099611FB256AA0B900BF3A2D /* NinetyNineChallengeTests.xctest */,
			);
			name = Products;
			sourceTree = "<group>";
		};
		099611E7256AA0B800BF3A2D /* NinetyNineChallenge */ = {
			isa = PBXGroup;
			children = (
				095340BC256AFC0300EBBB03 /* Common */,
				091AF00B256AB7A60035D3DA /* Data */,
				09961226256AA5B700BF3A2D /* Domain */,
				095340A3256AF6E900EBBB03 /* Presentation */,
				099611E8256AA0B800BF3A2D /* AppDelegate.swift */,
				099611EA256AA0B800BF3A2D /* SceneDelegate.swift */,
				099611F1256AA0B900BF3A2D /* Assets.xcassets */,
				099611F3256AA0B900BF3A2D /* LaunchScreen.storyboard */,
				099611F6256AA0B900BF3A2D /* Info.plist */,
			);
			path = NinetyNineChallenge;
			sourceTree = "<group>";
		};
		099611FE256AA0B900BF3A2D /* NinetyNineChallengeTests */ = {
			isa = PBXGroup;
			children = (
				091AF027256AB8C90035D3DA /* Helpers */,
				091AF01A256AB8630035D3DA /* Data */,
				09534079256AEA8100EBBB03 /* Domain */,
				09961201256AA0B900BF3A2D /* Info.plist */,
			);
			path = NinetyNineChallengeTests;
			sourceTree = "<group>";
		};
		09961226256AA5B700BF3A2D /* Domain */ = {
			isa = PBXGroup;
			children = (
				09961227256AA5D300BF3A2D /* Entities */,
				09961265256AAD4900BF3A2D /* Repositories */,
				09961257256AAC3F00BF3A2D /* UseCases */,
				09961261256AACDA00BF3A2D /* NNError.swift */,
			);
			path = Domain;
			sourceTree = "<group>";
		};
		09961227256AA5D300BF3A2D /* Entities */ = {
			isa = PBXGroup;
			children = (
				09961228256AA5F500BF3A2D /* Stock.swift */,
			);
			path = Entities;
			sourceTree = "<group>";
		};
		09961257256AAC3F00BF3A2D /* UseCases */ = {
			isa = PBXGroup;
			children = (
				09961258256AAC4600BF3A2D /* FavoriteStockDetailUseCase */,
				09961287256AB56500BF3A2D /* FavoriteStocksListUseCase */,
			);
			path = UseCases;
			sourceTree = "<group>";
		};
		09961258256AAC4600BF3A2D /* FavoriteStockDetailUseCase */ = {
			isa = PBXGroup;
			children = (
				0996126B256AAE4F00BF3A2D /* FavoriteStockDetailUseCaseImpl.swift */,
				09961259256AAC6500BF3A2D /* FavoriteStockDetailUseCaseProtocol.swift */,
			);
			path = FavoriteStockDetailUseCase;
			sourceTree = "<group>";
		};
		09961265256AAD4900BF3A2D /* Repositories */ = {
			isa = PBXGroup;
			children = (
				09961266256AADB100BF3A2D /* FavoritesRepositoryProtocol.swift */,
			);
			path = Repositories;
			sourceTree = "<group>";
		};
		09961287256AB56500BF3A2D /* FavoriteStocksListUseCase */ = {
			isa = PBXGroup;
			children = (
				0996128E256AB5EF00BF3A2D /* FavoriteStocksListUseCaseImpl.swift */,
				09961288256AB58200BF3A2D /* FavoriteStocksListUseCaseProtocol.swift */,
			);
			path = FavoriteStocksListUseCase;
			sourceTree = "<group>";
		};
/* End PBXGroup section */

/* Begin PBXNativeTarget section */
		099611E4256AA0B800BF3A2D /* NinetyNineChallenge */ = {
			isa = PBXNativeTarget;
			buildConfigurationList = 0996120F256AA0B900BF3A2D /* Build configuration list for PBXNativeTarget "NinetyNineChallenge" */;
			buildPhases = (
				099611E1256AA0B800BF3A2D /* Sources */,
				099611E2256AA0B800BF3A2D /* Frameworks */,
				099611E3256AA0B800BF3A2D /* Resources */,
			);
			buildRules = (
			);
			dependencies = (
			);
			name = NinetyNineChallenge;
			packageProductDependencies = (
				0953409D256AF56200EBBB03 /* RxCocoa */,
				0953409F256AF56200EBBB03 /* RxSwift */,
			);
			productName = NinetyNineChallenge;
			productReference = 099611E5256AA0B800BF3A2D /* NinetyNineChallenge.app */;
			productType = "com.apple.product-type.application";
		};
		099611FA256AA0B900BF3A2D /* NinetyNineChallengeTests */ = {
			isa = PBXNativeTarget;
			buildConfigurationList = 09961212256AA0B900BF3A2D /* Build configuration list for PBXNativeTarget "NinetyNineChallengeTests" */;
			buildPhases = (
				099611F7256AA0B900BF3A2D /* Sources */,
				099611F8256AA0B900BF3A2D /* Frameworks */,
				099611F9256AA0B900BF3A2D /* Resources */,
			);
			buildRules = (
			);
			dependencies = (
				099611FD256AA0B900BF3A2D /* PBXTargetDependency */,
			);
			name = NinetyNineChallengeTests;
			productName = NinetyNineChallengeTests;
			productReference = 099611FB256AA0B900BF3A2D /* NinetyNineChallengeTests.xctest */;
			productType = "com.apple.product-type.bundle.unit-test";
		};
/* End PBXNativeTarget section */

/* Begin PBXProject section */
		099611DD256AA0B800BF3A2D /* Project object */ = {
			isa = PBXProject;
			attributes = {
				LastSwiftUpdateCheck = 1220;
				LastUpgradeCheck = 1220;
				TargetAttributes = {
					099611E4256AA0B800BF3A2D = {
						CreatedOnToolsVersion = 12.2;
					};
					099611FA256AA0B900BF3A2D = {
						CreatedOnToolsVersion = 12.2;
						TestTargetID = 099611E4256AA0B800BF3A2D;
					};
				};
			};
			buildConfigurationList = 099611E0256AA0B800BF3A2D /* Build configuration list for PBXProject "NinetyNineChallenge" */;
			compatibilityVersion = "Xcode 9.3";
			developmentRegion = en;
			hasScannedForEncodings = 0;
			knownRegions = (
				en,
				Base,
			);
			mainGroup = 099611DC256AA0B800BF3A2D;
			packageReferences = (
				0953409C256AF56200EBBB03 /* XCRemoteSwiftPackageReference "RxSwift" */,
			);
			productRefGroup = 099611E6256AA0B800BF3A2D /* Products */;
			projectDirPath = "";
			projectRoot = "";
			targets = (
				099611E4256AA0B800BF3A2D /* NinetyNineChallenge */,
				099611FA256AA0B900BF3A2D /* NinetyNineChallengeTests */,
			);
		};
/* End PBXProject section */

/* Begin PBXResourcesBuildPhase section */
		099611E3256AA0B800BF3A2D /* Resources */ = {
			isa = PBXResourcesBuildPhase;
			buildActionMask = 2147483647;
			files = (
				099611F5256AA0B900BF3A2D /* LaunchScreen.storyboard in Resources */,
				099611F2256AA0B900BF3A2D /* Assets.xcassets in Resources */,
			);
			runOnlyForDeploymentPostprocessing = 0;
		};
		099611F9256AA0B900BF3A2D /* Resources */ = {
			isa = PBXResourcesBuildPhase;
			buildActionMask = 2147483647;
			files = (
				09534067256AD8C900EBBB03 /* favorite_stock_detail_valid.json in Resources */,
				09534061256AD8B300EBBB03 /* favorite_stock_list_request_valid.json in Resources */,
				0953406B256AD8DB00EBBB03 /* favorite_stock_list_request_invalid.json in Resources */,
				0953406F256AD8EC00EBBB03 /* favorite_stock_detail_invalid.json in Resources */,
				091AF035256AB9830035D3DA /* stock_dto.json in Resources */,
				091AF03B256AB9A10035D3DA /* favorite_list_dto.json in Resources */,
			);
			runOnlyForDeploymentPostprocessing = 0;
		};
/* End PBXResourcesBuildPhase section */

/* Begin PBXSourcesBuildPhase section */
		099611E1256AA0B800BF3A2D /* Sources */ = {
			isa = PBXSourcesBuildPhase;
			buildActionMask = 2147483647;
			files = (
				095340AF256AF8C200EBBB03 /* FavoriteItemViewModel.swift in Sources */,
				091AF07C256ACB3E0035D3DA /* ChallengeAPIService.swift in Sources */,
				095340A9256AF81C00EBBB03 /* FavoriteListViewModel.swift in Sources */,
				09961262256AACDA00BF3A2D /* NNError.swift in Sources */,
				0996126C256AAE4F00BF3A2D /* FavoriteStockDetailUseCaseImpl.swift in Sources */,
				09961267256AADB100BF3A2D /* FavoritesRepositoryProtocol.swift in Sources */,
				091AF017256AB8360035D3DA /* FavoriteListDTO.swift in Sources */,
				095340B9256AFB5F00EBBB03 /* FavoriteListViewController.swift in Sources */,
				095340BF256AFC2600EBBB03 /* UITableView+RelatedExtensions.swift in Sources */,
				091AF011256AB7E20035D3DA /* StockDTO.swift in Sources */,
				0996128F256AB5EF00BF3A2D /* FavoriteStocksListUseCaseImpl.swift in Sources */,
				091AF04A256ABA810035D3DA /* StockDTO+Mapping.swift in Sources */,
				095340D1256AFCA400EBBB03 /* Reactive+Extensions.swift in Sources */,
				095340C5256AFC5700EBBB03 /* Thread+Extensions.swift in Sources */,
				091AF065256ABFFC0035D3DA /* URLSessionRequestEngineImpl.swift in Sources */,
				099611E9256AA0B800BF3A2D /* AppDelegate.swift in Sources */,
				091AF05B256ABE0D0035D3DA /* RequestBuilderProtocol.swift in Sources */,
				091AF06A256AC6950035D3DA /* ChallengeAPIEndpoints.swift in Sources */,
				09961229256AA5F500BF3A2D /* Stock.swift in Sources */,
				091AF04E256ABAC80035D3DA /* FavoriteListDTO+Mapping.swift in Sources */,
				091AF084256ACE5F0035D3DA /* RequestBuilderImpl.swift in Sources */,
				095340D5256AFE2300EBBB03 /* FavoriteItemTableViewCell.swift in Sources */,
				091AF05F256ABE730035D3DA /* RequestEngineProtocol.swift in Sources */,
				091AF078256AC8760035D3DA /* ChallengeAPICredentials.swift in Sources */,
				09961289256AB58200BF3A2D /* FavoriteStocksListUseCaseProtocol.swift in Sources */,
				091AF055256ABDF20035D3DA /* RequestEndpointProtocol.swift in Sources */,
				09534074256ADD2400EBBB03 /* FavoritesRepositoryImpl.swift in Sources */,
				099611EB256AA0B800BF3A2D /* SceneDelegate.swift in Sources */,
				0996125A256AAC6500BF3A2D /* FavoriteStockDetailUseCaseProtocol.swift in Sources */,
			);
			runOnlyForDeploymentPostprocessing = 0;
		};
		099611F7256AA0B900BF3A2D /* Sources */ = {
			isa = PBXSourcesBuildPhase;
			buildActionMask = 2147483647;
			files = (
				09534085256AEC7100EBBB03 /* MockEntitiesGenerator.swift in Sources */,
				091AF020256AB8930035D3DA /* StockDTOTests.swift in Sources */,
				091AF029256AB8D40035D3DA /* ResourceLoader.swift in Sources */,
				091AF093256AD5720035D3DA /* MockURLProtocol.swift in Sources */,
				0953408D256AED3600EBBB03 /* FavoriteStockDetailUseCaseTests.swift in Sources */,
				0953407F256AEB1600EBBB03 /* MockFavoritesRepository.swift in Sources */,
				091AF08D256AD5320035D3DA /* ChallengeAPIServiceTests.swift in Sources */,
				09534089256AED1500EBBB03 /* FavoriteStocksListUseCaseTests.swift in Sources */,
				091AF02F256AB93E0035D3DA /* FavoriteListDTOTests.swift in Sources */,
			);
			runOnlyForDeploymentPostprocessing = 0;
		};
/* End PBXSourcesBuildPhase section */

/* Begin PBXTargetDependency section */
		099611FD256AA0B900BF3A2D /* PBXTargetDependency */ = {
			isa = PBXTargetDependency;
			target = 099611E4256AA0B800BF3A2D /* NinetyNineChallenge */;
			targetProxy = 099611FC256AA0B900BF3A2D /* PBXContainerItemProxy */;
		};
/* End PBXTargetDependency section */

/* Begin PBXVariantGroup section */
		099611F3256AA0B900BF3A2D /* LaunchScreen.storyboard */ = {
			isa = PBXVariantGroup;
			children = (
				099611F4256AA0B900BF3A2D /* Base */,
			);
			name = LaunchScreen.storyboard;
			sourceTree = "<group>";
		};
/* End PBXVariantGroup section */

/* Begin XCBuildConfiguration section */
		0996120D256AA0B900BF3A2D /* Debug */ = {
			isa = XCBuildConfiguration;
			buildSettings = {
				ALWAYS_SEARCH_USER_PATHS = NO;
				CLANG_ANALYZER_NONNULL = YES;
				CLANG_ANALYZER_NUMBER_OBJECT_CONVERSION = YES_AGGRESSIVE;
				CLANG_CXX_LANGUAGE_STANDARD = "gnu++14";
				CLANG_CXX_LIBRARY = "libc++";
				CLANG_ENABLE_MODULES = YES;
				CLANG_ENABLE_OBJC_ARC = YES;
				CLANG_ENABLE_OBJC_WEAK = YES;
				CLANG_WARN_BLOCK_CAPTURE_AUTORELEASING = YES;
				CLANG_WARN_BOOL_CONVERSION = YES;
				CLANG_WARN_COMMA = YES;
				CLANG_WARN_CONSTANT_CONVERSION = YES;
				CLANG_WARN_DEPRECATED_OBJC_IMPLEMENTATIONS = YES;
				CLANG_WARN_DIRECT_OBJC_ISA_USAGE = YES_ERROR;
				CLANG_WARN_DOCUMENTATION_COMMENTS = YES;
				CLANG_WARN_EMPTY_BODY = YES;
				CLANG_WARN_ENUM_CONVERSION = YES;
				CLANG_WARN_INFINITE_RECURSION = YES;
				CLANG_WARN_INT_CONVERSION = YES;
				CLANG_WARN_NON_LITERAL_NULL_CONVERSION = YES;
				CLANG_WARN_OBJC_IMPLICIT_RETAIN_SELF = YES;
				CLANG_WARN_OBJC_LITERAL_CONVERSION = YES;
				CLANG_WARN_OBJC_ROOT_CLASS = YES_ERROR;
				CLANG_WARN_QUOTED_INCLUDE_IN_FRAMEWORK_HEADER = YES;
				CLANG_WARN_RANGE_LOOP_ANALYSIS = YES;
				CLANG_WARN_STRICT_PROTOTYPES = YES;
				CLANG_WARN_SUSPICIOUS_MOVE = YES;
				CLANG_WARN_UNGUARDED_AVAILABILITY = YES_AGGRESSIVE;
				CLANG_WARN_UNREACHABLE_CODE = YES;
				CLANG_WARN__DUPLICATE_METHOD_MATCH = YES;
				COPY_PHASE_STRIP = NO;
				DEBUG_INFORMATION_FORMAT = dwarf;
				ENABLE_STRICT_OBJC_MSGSEND = YES;
				ENABLE_TESTABILITY = YES;
				GCC_C_LANGUAGE_STANDARD = gnu11;
				GCC_DYNAMIC_NO_PIC = NO;
				GCC_NO_COMMON_BLOCKS = YES;
				GCC_OPTIMIZATION_LEVEL = 0;
				GCC_PREPROCESSOR_DEFINITIONS = (
					"DEBUG=1",
					"$(inherited)",
				);
				GCC_WARN_64_TO_32_BIT_CONVERSION = YES;
				GCC_WARN_ABOUT_RETURN_TYPE = YES_ERROR;
				GCC_WARN_UNDECLARED_SELECTOR = YES;
				GCC_WARN_UNINITIALIZED_AUTOS = YES_AGGRESSIVE;
				GCC_WARN_UNUSED_FUNCTION = YES;
				GCC_WARN_UNUSED_VARIABLE = YES;
				IPHONEOS_DEPLOYMENT_TARGET = 13.0;
				MTL_ENABLE_DEBUG_INFO = INCLUDE_SOURCE;
				MTL_FAST_MATH = YES;
				ONLY_ACTIVE_ARCH = YES;
				SDKROOT = iphoneos;
				SWIFT_ACTIVE_COMPILATION_CONDITIONS = DEBUG;
				SWIFT_OPTIMIZATION_LEVEL = "-Onone";
			};
			name = Debug;
		};
		0996120E256AA0B900BF3A2D /* Release */ = {
			isa = XCBuildConfiguration;
			buildSettings = {
				ALWAYS_SEARCH_USER_PATHS = NO;
				CLANG_ANALYZER_NONNULL = YES;
				CLANG_ANALYZER_NUMBER_OBJECT_CONVERSION = YES_AGGRESSIVE;
				CLANG_CXX_LANGUAGE_STANDARD = "gnu++14";
				CLANG_CXX_LIBRARY = "libc++";
				CLANG_ENABLE_MODULES = YES;
				CLANG_ENABLE_OBJC_ARC = YES;
				CLANG_ENABLE_OBJC_WEAK = YES;
				CLANG_WARN_BLOCK_CAPTURE_AUTORELEASING = YES;
				CLANG_WARN_BOOL_CONVERSION = YES;
				CLANG_WARN_COMMA = YES;
				CLANG_WARN_CONSTANT_CONVERSION = YES;
				CLANG_WARN_DEPRECATED_OBJC_IMPLEMENTATIONS = YES;
				CLANG_WARN_DIRECT_OBJC_ISA_USAGE = YES_ERROR;
				CLANG_WARN_DOCUMENTATION_COMMENTS = YES;
				CLANG_WARN_EMPTY_BODY = YES;
				CLANG_WARN_ENUM_CONVERSION = YES;
				CLANG_WARN_INFINITE_RECURSION = YES;
				CLANG_WARN_INT_CONVERSION = YES;
				CLANG_WARN_NON_LITERAL_NULL_CONVERSION = YES;
				CLANG_WARN_OBJC_IMPLICIT_RETAIN_SELF = YES;
				CLANG_WARN_OBJC_LITERAL_CONVERSION = YES;
				CLANG_WARN_OBJC_ROOT_CLASS = YES_ERROR;
				CLANG_WARN_QUOTED_INCLUDE_IN_FRAMEWORK_HEADER = YES;
				CLANG_WARN_RANGE_LOOP_ANALYSIS = YES;
				CLANG_WARN_STRICT_PROTOTYPES = YES;
				CLANG_WARN_SUSPICIOUS_MOVE = YES;
				CLANG_WARN_UNGUARDED_AVAILABILITY = YES_AGGRESSIVE;
				CLANG_WARN_UNREACHABLE_CODE = YES;
				CLANG_WARN__DUPLICATE_METHOD_MATCH = YES;
				COPY_PHASE_STRIP = NO;
				DEBUG_INFORMATION_FORMAT = "dwarf-with-dsym";
				ENABLE_NS_ASSERTIONS = NO;
				ENABLE_STRICT_OBJC_MSGSEND = YES;
				GCC_C_LANGUAGE_STANDARD = gnu11;
				GCC_NO_COMMON_BLOCKS = YES;
				GCC_WARN_64_TO_32_BIT_CONVERSION = YES;
				GCC_WARN_ABOUT_RETURN_TYPE = YES_ERROR;
				GCC_WARN_UNDECLARED_SELECTOR = YES;
				GCC_WARN_UNINITIALIZED_AUTOS = YES_AGGRESSIVE;
				GCC_WARN_UNUSED_FUNCTION = YES;
				GCC_WARN_UNUSED_VARIABLE = YES;
				IPHONEOS_DEPLOYMENT_TARGET = 13.0;
				MTL_ENABLE_DEBUG_INFO = NO;
				MTL_FAST_MATH = YES;
				SDKROOT = iphoneos;
				SWIFT_COMPILATION_MODE = wholemodule;
				SWIFT_OPTIMIZATION_LEVEL = "-O";
				VALIDATE_PRODUCT = YES;
			};
			name = Release;
		};
		09961210256AA0B900BF3A2D /* Debug */ = {
			isa = XCBuildConfiguration;
			buildSettings = {
				ASSETCATALOG_COMPILER_APPICON_NAME = AppIcon;
				ASSETCATALOG_COMPILER_GLOBAL_ACCENT_COLOR_NAME = AccentColor;
				CODE_SIGN_STYLE = Automatic;
				DEVELOPMENT_TEAM = 492CW4KB35;
				INFOPLIST_FILE = NinetyNineChallenge/Info.plist;
				LD_RUNPATH_SEARCH_PATHS = (
					"$(inherited)",
					"@executable_path/Frameworks",
				);
				PRODUCT_BUNDLE_IDENTIFIER = victorrejanoapps.NinetyNineChallenge;
				PRODUCT_NAME = "$(TARGET_NAME)";
				SWIFT_VERSION = 5.0;
				TARGETED_DEVICE_FAMILY = 1;
			};
			name = Debug;
		};
		09961211256AA0B900BF3A2D /* Release */ = {
			isa = XCBuildConfiguration;
			buildSettings = {
				ASSETCATALOG_COMPILER_APPICON_NAME = AppIcon;
				ASSETCATALOG_COMPILER_GLOBAL_ACCENT_COLOR_NAME = AccentColor;
				CODE_SIGN_STYLE = Automatic;
				DEVELOPMENT_TEAM = 492CW4KB35;
				INFOPLIST_FILE = NinetyNineChallenge/Info.plist;
				LD_RUNPATH_SEARCH_PATHS = (
					"$(inherited)",
					"@executable_path/Frameworks",
				);
				PRODUCT_BUNDLE_IDENTIFIER = victorrejanoapps.NinetyNineChallenge;
				PRODUCT_NAME = "$(TARGET_NAME)";
				SWIFT_VERSION = 5.0;
				TARGETED_DEVICE_FAMILY = 1;
			};
			name = Release;
		};
		09961213256AA0B900BF3A2D /* Debug */ = {
			isa = XCBuildConfiguration;
			buildSettings = {
				ALWAYS_EMBED_SWIFT_STANDARD_LIBRARIES = YES;
				BUNDLE_LOADER = "$(TEST_HOST)";
				CODE_SIGN_STYLE = Automatic;
				DEVELOPMENT_TEAM = 492CW4KB35;
				INFOPLIST_FILE = NinetyNineChallengeTests/Info.plist;
				IPHONEOS_DEPLOYMENT_TARGET = 13.0;
				LD_RUNPATH_SEARCH_PATHS = (
					"$(inherited)",
					"@executable_path/Frameworks",
					"@loader_path/Frameworks",
				);
				PRODUCT_BUNDLE_IDENTIFIER = victorrejanoapps.NinetyNineChallengeTests;
				PRODUCT_NAME = "$(TARGET_NAME)";
				SWIFT_VERSION = 5.0;
				TARGETED_DEVICE_FAMILY = "1,2";
				TEST_HOST = "$(BUILT_PRODUCTS_DIR)/NinetyNineChallenge.app/NinetyNineChallenge";
			};
			name = Debug;
		};
		09961214256AA0B900BF3A2D /* Release */ = {
			isa = XCBuildConfiguration;
			buildSettings = {
				ALWAYS_EMBED_SWIFT_STANDARD_LIBRARIES = YES;
				BUNDLE_LOADER = "$(TEST_HOST)";
				CODE_SIGN_STYLE = Automatic;
				DEVELOPMENT_TEAM = 492CW4KB35;
				INFOPLIST_FILE = NinetyNineChallengeTests/Info.plist;
				IPHONEOS_DEPLOYMENT_TARGET = 13.0;
				LD_RUNPATH_SEARCH_PATHS = (
					"$(inherited)",
					"@executable_path/Frameworks",
					"@loader_path/Frameworks",
				);
				PRODUCT_BUNDLE_IDENTIFIER = victorrejanoapps.NinetyNineChallengeTests;
				PRODUCT_NAME = "$(TARGET_NAME)";
				SWIFT_VERSION = 5.0;
				TARGETED_DEVICE_FAMILY = "1,2";
				TEST_HOST = "$(BUILT_PRODUCTS_DIR)/NinetyNineChallenge.app/NinetyNineChallenge";
			};
			name = Release;
		};
/* End XCBuildConfiguration section */

/* Begin XCConfigurationList section */
		099611E0256AA0B800BF3A2D /* Build configuration list for PBXProject "NinetyNineChallenge" */ = {
			isa = XCConfigurationList;
			buildConfigurations = (
				0996120D256AA0B900BF3A2D /* Debug */,
				0996120E256AA0B900BF3A2D /* Release */,
			);
			defaultConfigurationIsVisible = 0;
			defaultConfigurationName = Release;
		};
		0996120F256AA0B900BF3A2D /* Build configuration list for PBXNativeTarget "NinetyNineChallenge" */ = {
			isa = XCConfigurationList;
			buildConfigurations = (
				09961210256AA0B900BF3A2D /* Debug */,
				09961211256AA0B900BF3A2D /* Release */,
			);
			defaultConfigurationIsVisible = 0;
			defaultConfigurationName = Release;
		};
		09961212256AA0B900BF3A2D /* Build configuration list for PBXNativeTarget "NinetyNineChallengeTests" */ = {
			isa = XCConfigurationList;
			buildConfigurations = (
				09961213256AA0B900BF3A2D /* Debug */,
				09961214256AA0B900BF3A2D /* Release */,
			);
			defaultConfigurationIsVisible = 0;
			defaultConfigurationName = Release;
		};
/* End XCConfigurationList section */

/* Begin XCRemoteSwiftPackageReference section */
		0953409C256AF56200EBBB03 /* XCRemoteSwiftPackageReference "RxSwift" */ = {
			isa = XCRemoteSwiftPackageReference;
			repositoryURL = "https://github.com/ReactiveX/RxSwift.git";
			requirement = {
				kind = upToNextMajorVersion;
				minimumVersion = 5.1.1;
			};
		};
/* End XCRemoteSwiftPackageReference section */

/* Begin XCSwiftPackageProductDependency section */
		0953409D256AF56200EBBB03 /* RxCocoa */ = {
			isa = XCSwiftPackageProductDependency;
			package = 0953409C256AF56200EBBB03 /* XCRemoteSwiftPackageReference "RxSwift" */;
			productName = RxCocoa;
		};
		0953409F256AF56200EBBB03 /* RxSwift */ = {
			isa = XCSwiftPackageProductDependency;
			package = 0953409C256AF56200EBBB03 /* XCRemoteSwiftPackageReference "RxSwift" */;
			productName = RxSwift;
		};
/* End XCSwiftPackageProductDependency section */
	};
	rootObject = 099611DD256AA0B800BF3A2D /* Project object */;
}
